
Microsoft Visual Studio Solution File, Format Version 10.00
# Visual Studio 2008
Project("{FAE04EC0-301F-11D3-BF4B-00C04F79EFBC}") = "WebClient", "WebClient\WebClient.csproj", "{D8657B01-7428-4C06-B51D-EDED9509BB87}"
EndProject
Project("{2150E333-8FDC-42A3-9474-1A3956D46DE8}") = "doc", "doc", "{1383AC69-5B87-46F1-91FB-0FB85B7E5030}"
EndProject
Global
	GlobalSection(TeamFoundationVersionControl) = preSolution
		SccNumberOfProjects = 2
		SccEnterpriseProvider = {4CA58AB2-18FA-4F8D-95D4-32DDF27D184C}
		SccTeamFoundationServer = https://tfs01.codeplex.com/
		SccLocalPath0 = .
		SccProjectUniqueName1 = WebClient\\WebClient.csproj
		SccProjectName1 = WebClient
		SccLocalPath1 = WebClient
	EndGlobalSection
	GlobalSection(SolutionConfigurationPlatforms) = preSolution
		Debug|Any CPU = Debug|Any CPU
		Release|Any CPU = Release|Any CPU
	EndGlobalSection
	GlobalSection(ProjectConfigurationPlatforms) = postSolution
		{D8657B01-7428-4C06-B51D-EDED9509BB87}.Debug|Any CPU.ActiveCfg = Debug|Any CPU
		{D8657B01-7428-4C06-B51D-EDED9509BB87}.Debug|Any CPU.Build.0 = Debug|Any CPU
		{D8657B01-7428-4C06-B51D-EDED9509BB87}.Release|Any CPU.ActiveCfg = Release|Any CPU
		{D8657B01-7428-4C06-B51D-EDED9509BB87}.Release|Any CPU.Build.0 = Release|Any CPU
	EndGlobalSection
	GlobalSection(SolutionProperties) = preSolution
		HideSolutionNode = FALSE
	EndGlobalSection
EndGlobal
